
Microsoft Visual Studio Solution File, Format Version 12.00
# Visual Studio Version 17
VisualStudioVersion = 17.14.36414.22
MinimumVisualStudioVersion = 10.0.40219.1
Project("{FAE04EC0-301F-11D3-BF4B-00C04F79EFBC}") = "GStreamerWinRTSample", "GStreamerWinRTSample\GStreamerWinRTSample.csproj", "{9F28699F-41CF-45B8-9877-FB30FF638A46}"
EndProject
Project("{FAE04EC0-301F-11D3-BF4B-00C04F79EFBC}") = "MvpWuiMvvm", "MvpWuiMvvm\MvpWuiMvvm.csproj", "{ED3E166A-CF06-2866-6921-AF0C4C222B1E}"
EndProject
Project("{FAE04EC0-301F-11D3-BF4B-00C04F79EFBC}") = "Presentation", "Presentation\Presentation.csproj", "{4CF7DCB0-F6D5-4DD9-8EED-EE471FDEAF55}"
EndProject
Project("{FAE04EC0-301F-11D3-BF4B-00C04F79EFBC}") = "Services", "Services\Services.csproj", "{CA79841B-06E3-42A7-9C42-98464D2F16AF}"
EndProject
Global
	GlobalSection(SolutionConfigurationPlatforms) = preSolution
		Debug|ARM64 = Debug|ARM64
		Debug|x64 = Debug|x64
		Debug|x86 = Debug|x86
		Release|ARM64 = Release|ARM64
		Release|x64 = Release|x64
		Release|x86 = Release|x86
	EndGlobalSection
	GlobalSection(ProjectConfigurationPlatforms) = postSolution
		{9F28699F-41CF-45B8-9877-FB30FF638A46}.Debug|ARM64.ActiveCfg = Debug|ARM64
		{9F28699F-41CF-45B8-9877-FB30FF638A46}.Debug|ARM64.Build.0 = Debug|ARM64
		{9F28699F-41CF-45B8-9877-FB30FF638A46}.Debug|ARM64.Deploy.0 = Debug|ARM64
		{9F28699F-41CF-45B8-9877-FB30FF638A46}.Debug|x64.ActiveCfg = Debug|x64
		{9F28699F-41CF-45B8-9877-FB30FF638A46}.Debug|x64.Build.0 = Debug|x64
		{9F28699F-41CF-45B8-9877-FB30FF638A46}.Debug|x64.Deploy.0 = Debug|x64
		{9F28699F-41CF-45B8-9877-FB30FF638A46}.Debug|x86.ActiveCfg = Debug|x86
		{9F28699F-41CF-45B8-9877-FB30FF638A46}.Debug|x86.Build.0 = Debug|x86
		{9F28699F-41CF-45B8-9877-FB30FF638A46}.Debug|x86.Deploy.0 = Debug|x86
		{9F28699F-41CF-45B8-9877-FB30FF638A46}.Release|ARM64.ActiveCfg = Release|ARM64
		{9F28699F-41CF-45B8-9877-FB30FF638A46}.Release|ARM64.Build.0 = Release|ARM64
		{9F28699F-41CF-45B8-9877-FB30FF638A46}.Release|ARM64.Deploy.0 = Release|ARM64
		{9F28699F-41CF-45B8-9877-FB30FF638A46}.Release|x64.ActiveCfg = Release|x64
		{9F28699F-41CF-45B8-9877-FB30FF638A46}.Release|x64.Build.0 = Release|x64
		{9F28699F-41CF-45B8-9877-FB30FF638A46}.Release|x64.Deploy.0 = Release|x64
		{9F28699F-41CF-45B8-9877-FB30FF638A46}.Release|x86.ActiveCfg = Release|x86
		{9F28699F-41CF-45B8-9877-FB30FF638A46}.Release|x86.Build.0 = Release|x86
		{9F28699F-41CF-45B8-9877-FB30FF638A46}.Release|x86.Deploy.0 = Release|x86
		{ED3E166A-CF06-2866-6921-AF0C4C222B1E}.Debug|ARM64.ActiveCfg = Debug|Any CPU
		{ED3E166A-CF06-2866-6921-AF0C4C222B1E}.Debug|ARM64.Build.0 = Debug|Any CPU
		{ED3E166A-CF06-2866-6921-AF0C4C222B1E}.Debug|x64.ActiveCfg = Debug|x64
		{ED3E166A-CF06-2866-6921-AF0C4C222B1E}.Debug|x64.Build.0 = Debug|x64
		{ED3E166A-CF06-2866-6921-AF0C4C222B1E}.Debug|x86.ActiveCfg = Debug|Any CPU
		{ED3E166A-CF06-2866-6921-AF0C4C222B1E}.Debug|x86.Build.0 = Debug|Any CPU
		{ED3E166A-CF06-2866-6921-AF0C4C222B1E}.Release|ARM64.ActiveCfg = Release|Any CPU
		{ED3E166A-CF06-2866-6921-AF0C4C222B1E}.Release|ARM64.Build.0 = Release|Any CPU
		{ED3E166A-CF06-2866-6921-AF0C4C222B1E}.Release|x64.ActiveCfg = Release|x64
		{ED3E166A-CF06-2866-6921-AF0C4C222B1E}.Release|x64.Build.0 = Release|x64
		{ED3E166A-CF06-2866-6921-AF0C4C222B1E}.Release|x86.ActiveCfg = Release|Any CPU
		{ED3E166A-CF06-2866-6921-AF0C4C222B1E}.Release|x86.Build.0 = Release|Any CPU
		{4CF7DCB0-F6D5-4DD9-8EED-EE471FDEAF55}.Debug|ARM64.ActiveCfg = Debug|Any CPU
		{4CF7DCB0-F6D5-4DD9-8EED-EE471FDEAF55}.Debug|ARM64.Build.0 = Debug|Any CPU
		{4CF7DCB0-F6D5-4DD9-8EED-EE471FDEAF55}.Debug|x64.ActiveCfg = Debug|x64
		{4CF7DCB0-F6D5-4DD9-8EED-EE471FDEAF55}.Debug|x64.Build.0 = Debug|x64
		{4CF7DCB0-F6D5-4DD9-8EED-EE471FDEAF55}.Debug|x86.ActiveCfg = Debug|Any CPU
		{4CF7DCB0-F6D5-4DD9-8EED-EE471FDEAF55}.Debug|x86.Build.0 = Debug|Any CPU
		{4CF7DCB0-F6D5-4DD9-8EED-EE471FDEAF55}.Release|ARM64.ActiveCfg = Release|Any CPU
		{4CF7DCB0-F6D5-4DD9-8EED-EE471FDEAF55}.Release|ARM64.Build.0 = Release|Any CPU
		{4CF7DCB0-F6D5-4DD9-8EED-EE471FDEAF55}.Release|x64.ActiveCfg = Release|Any CPU
		{4CF7DCB0-F6D5-4DD9-8EED-EE471FDEAF55}.Release|x64.Build.0 = Release|Any CPU
		{4CF7DCB0-F6D5-4DD9-8EED-EE471FDEAF55}.Release|x86.ActiveCfg = Release|Any CPU
		{4CF7DCB0-F6D5-4DD9-8EED-EE471FDEAF55}.Release|x86.Build.0 = Release|Any CPU
		{CA79841B-06E3-42A7-9C42-98464D2F16AF}.Debug|ARM64.ActiveCfg = Debug|Any CPU
		{CA79841B-06E3-42A7-9C42-98464D2F16AF}.Debug|ARM64.Build.0 = Debug|Any CPU
		{CA79841B-06E3-42A7-9C42-98464D2F16AF}.Debug|x64.ActiveCfg = Debug|x64
		{CA79841B-06E3-42A7-9C42-98464D2F16AF}.Debug|x64.Build.0 = Debug|x64
		{CA79841B-06E3-42A7-9C42-98464D2F16AF}.Debug|x86.ActiveCfg = Debug|Any CPU
		{CA79841B-06E3-42A7-9C42-98464D2F16AF}.Debug|x86.Build.0 = Debug|Any CPU
		{CA79841B-06E3-42A7-9C42-98464D2F16AF}.Release|ARM64.ActiveCfg = Release|Any CPU
		{CA79841B-06E3-42A7-9C42-98464D2F16AF}.Release|ARM64.Build.0 = Release|Any CPU
		{CA79841B-06E3-42A7-9C42-98464D2F16AF}.Release|x64.ActiveCfg = Release|Any CPU
		{CA79841B-06E3-42A7-9C42-98464D2F16AF}.Release|x64.Build.0 = Release|Any CPU
		{CA79841B-06E3-42A7-9C42-98464D2F16AF}.Release|x86.ActiveCfg = Release|Any CPU
		{CA79841B-06E3-42A7-9C42-98464D2F16AF}.Release|x86.Build.0 = Release|Any CPU
	EndGlobalSection
	GlobalSection(SolutionProperties) = preSolution
		HideSolutionNode = FALSE
	EndGlobalSection
	GlobalSection(ExtensibilityGlobals) = postSolution
		SolutionGuid = {ED4DF96F-D710-4CF1-ABD7-2D7129EC636A}
	EndGlobalSection
EndGlobal
