
Microsoft Visual Studio Solution File, Format Version 12.00
# Visual Studio Version 17
VisualStudioVersion = 17.14.36414.22
MinimumVisualStudioVersion = 10.0.40219.1
Project("{FAE04EC0-301F-11D3-BF4B-00C04F79EFBC}") = "GStreamerWinRTSample", "GStreamerWinRTSample\GStreamerWinRTSample.csproj", "{9F28699F-41CF-45B8-9877-FB30FF638A46}"
EndProject
Project("{FAE04EC0-301F-11D3-BF4B-00C04F79EFBC}") = "MvpWuiMvvm", "MvpWuiMvvm\MvpWuiMvvm.csproj", "{ED3E166A-CF06-2866-6921-AF0C4C222B1E}"
EndProject
Project("{FAE04EC0-301F-11D3-BF4B-00C04F79EFBC}") = "Presentation", "Presentation\Presentation.csproj", "{4CF7DCB0-F6D5-4DD9-8EED-EE471FDEAF55}"
EndProject
Project("{FAE04EC0-301F-11D3-BF4B-00C04F79EFBC}") = "Services", "Services\Services.csproj", "{CA79841B-06E3-42A7-9C42-98464D2F16AF}"
EndProject
Project("{2150E333-8FDC-42A3-9474-1A3956D46DE8}") = "Infra", "Infra", "{C8D5274F-AC00-46C7-1F8D-E88E81087A52}"
EndProject
Project("{8BC9CEB8-8B4A-11D0-8D11-00A0C91BC942}") = "MediaFramework", "Infra\MediaFramework\MediaFramework.vcxproj", "{9D1F9988-B7F7-427B-BFF2-30FB908D2A7F}"
EndProject
Project("{FAE04EC0-301F-11D3-BF4B-00C04F79EFBC}") = "MediaFrameworkProjection", "Infra\MediaFrameworkProjection\MediaFrameworkProjection.csproj", "{FBC74B4E-B01E-0198-34B1-47DF290BEAB5}"
EndProject
Global
	GlobalSection(SolutionConfigurationPlatforms) = preSolution
		Debug|ARM64 = Debug|ARM64
		Debug|x64 = Debug|x64
		Debug|x86 = Debug|x86
		Release|ARM64 = Release|ARM64
		Release|x64 = Release|x64
		Release|x86 = Release|x86
	EndGlobalSection
	GlobalSection(ProjectConfigurationPlatforms) = postSolution
		{9F28699F-41CF-45B8-9877-FB30FF638A46}.Debug|ARM64.ActiveCfg = Debug|ARM64
		{9F28699F-41CF-45B8-9877-FB30FF638A46}.Debug|ARM64.Build.0 = Debug|ARM64
		{9F28699F-41CF-45B8-9877-FB30FF638A46}.Debug|ARM64.Deploy.0 = Debug|ARM64
		{9F28699F-41CF-45B8-9877-FB30FF638A46}.Debug|x64.ActiveCfg = Debug|x64
		{9F28699F-41CF-45B8-9877-FB30FF638A46}.Debug|x64.Build.0 = Debug|x64
		{9F28699F-41CF-45B8-9877-FB30FF638A46}.Debug|x64.Deploy.0 = Debug|x64
		{9F28699F-41CF-45B8-9877-FB30FF638A46}.Debug|x86.ActiveCfg = Debug|x86
		{9F28699F-41CF-45B8-9877-FB30FF638A46}.Debug|x86.Build.0 = Debug|x86
		{9F28699F-41CF-45B8-9877-FB30FF638A46}.Debug|x86.Deploy.0 = Debug|x86
		{9F28699F-41CF-45B8-9877-FB30FF638A46}.Release|ARM64.ActiveCfg = Release|ARM64
		{9F28699F-41CF-45B8-9877-FB30FF638A46}.Release|ARM64.Build.0 = Release|ARM64
		{9F28699F-41CF-45B8-9877-FB30FF638A46}.Release|ARM64.Deploy.0 = Release|ARM64
		{9F28699F-41CF-45B8-9877-FB30FF638A46}.Release|x64.ActiveCfg = Release|x64
		{9F28699F-41CF-45B8-9877-FB30FF638A46}.Release|x64.Build.0 = Release|x64
		{9F28699F-41CF-45B8-9877-FB30FF638A46}.Release|x64.Deploy.0 = Release|x64
		{9F28699F-41CF-45B8-9877-FB30FF638A46}.Release|x86.ActiveCfg = Release|x86
		{9F28699F-41CF-45B8-9877-FB30FF638A46}.Release|x86.Build.0 = Release|x86
		{9F28699F-41CF-45B8-9877-FB30FF638A46}.Release|x86.Deploy.0 = Release|x86
		{ED3E166A-CF06-2866-6921-AF0C4C222B1E}.Debug|ARM64.ActiveCfg = Debug|Any CPU
		{ED3E166A-CF06-2866-6921-AF0C4C222B1E}.Debug|ARM64.Build.0 = Debug|Any CPU
		{ED3E166A-CF06-2866-6921-AF0C4C222B1E}.Debug|x64.ActiveCfg = Debug|x64
		{ED3E166A-CF06-2866-6921-AF0C4C222B1E}.Debug|x64.Build.0 = Debug|x64
		{ED3E166A-CF06-2866-6921-AF0C4C222B1E}.Debug|x86.ActiveCfg = Debug|Any CPU
		{ED3E166A-CF06-2866-6921-AF0C4C222B1E}.Debug|x86.Build.0 = Debug|Any CPU
		{ED3E166A-CF06-2866-6921-AF0C4C222B1E}.Release|ARM64.ActiveCfg = Release|Any CPU
		{ED3E166A-CF06-2866-6921-AF0C4C222B1E}.Release|ARM64.Build.0 = Release|Any CPU
		{ED3E166A-CF06-2866-6921-AF0C4C222B1E}.Release|x64.ActiveCfg = Release|x64
		{ED3E166A-CF06-2866-6921-AF0C4C222B1E}.Release|x64.Build.0 = Release|x64
		{ED3E166A-CF06-2866-6921-AF0C4C222B1E}.Release|x86.ActiveCfg = Release|Any CPU
		{ED3E166A-CF06-2866-6921-AF0C4C222B1E}.Release|x86.Build.0 = Release|Any CPU
		{4CF7DCB0-F6D5-4DD9-8EED-EE471FDEAF55}.Debug|ARM64.ActiveCfg = Debug|Any CPU
		{4CF7DCB0-F6D5-4DD9-8EED-EE471FDEAF55}.Debug|ARM64.Build.0 = Debug|Any CPU
		{4CF7DCB0-F6D5-4DD9-8EED-EE471FDEAF55}.Debug|x64.ActiveCfg = Debug|x64
		{4CF7DCB0-F6D5-4DD9-8EED-EE471FDEAF55}.Debug|x64.Build.0 = Debug|x64
		{4CF7DCB0-F6D5-4DD9-8EED-EE471FDEAF55}.Debug|x86.ActiveCfg = Debug|Any CPU
		{4CF7DCB0-F6D5-4DD9-8EED-EE471FDEAF55}.Debug|x86.Build.0 = Debug|Any CPU
		{4CF7DCB0-F6D5-4DD9-8EED-EE471FDEAF55}.Release|ARM64.ActiveCfg = Release|Any CPU
		{4CF7DCB0-F6D5-4DD9-8EED-EE471FDEAF55}.Release|ARM64.Build.0 = Release|Any CPU
		{4CF7DCB0-F6D5-4DD9-8EED-EE471FDEAF55}.Release|x64.ActiveCfg = Release|x64
		{4CF7DCB0-F6D5-4DD9-8EED-EE471FDEAF55}.Release|x64.Build.0 = Release|x64
		{4CF7DCB0-F6D5-4DD9-8EED-EE471FDEAF55}.Release|x86.ActiveCfg = Release|Any CPU
		{4CF7DCB0-F6D5-4DD9-8EED-EE471FDEAF55}.Release|x86.Build.0 = Release|Any CPU
		{CA79841B-06E3-42A7-9C42-98464D2F16AF}.Debug|ARM64.ActiveCfg = Debug|Any CPU
		{CA79841B-06E3-42A7-9C42-98464D2F16AF}.Debug|ARM64.Build.0 = Debug|Any CPU
		{CA79841B-06E3-42A7-9C42-98464D2F16AF}.Debug|x64.ActiveCfg = Debug|x64
		{CA79841B-06E3-42A7-9C42-98464D2F16AF}.Debug|x64.Build.0 = Debug|x64
		{CA79841B-06E3-42A7-9C42-98464D2F16AF}.Debug|x86.ActiveCfg = Debug|Any CPU
		{CA79841B-06E3-42A7-9C42-98464D2F16AF}.Debug|x86.Build.0 = Debug|Any CPU
		{CA79841B-06E3-42A7-9C42-98464D2F16AF}.Release|ARM64.ActiveCfg = Release|Any CPU
		{CA79841B-06E3-42A7-9C42-98464D2F16AF}.Release|ARM64.Build.0 = Release|Any CPU
		{CA79841B-06E3-42A7-9C42-98464D2F16AF}.Release|x64.ActiveCfg = Release|x64
		{CA79841B-06E3-42A7-9C42-98464D2F16AF}.Release|x64.Build.0 = Release|x64
		{CA79841B-06E3-42A7-9C42-98464D2F16AF}.Release|x86.ActiveCfg = Release|Any CPU
		{CA79841B-06E3-42A7-9C42-98464D2F16AF}.Release|x86.Build.0 = Release|Any CPU
		{9D1F9988-B7F7-427B-BFF2-30FB908D2A7F}.Debug|ARM64.ActiveCfg = Debug|ARM64
		{9D1F9988-B7F7-427B-BFF2-30FB908D2A7F}.Debug|ARM64.Build.0 = Debug|ARM64
		{9D1F9988-B7F7-427B-BFF2-30FB908D2A7F}.Debug|x64.ActiveCfg = Debug|x64
		{9D1F9988-B7F7-427B-BFF2-30FB908D2A7F}.Debug|x64.Build.0 = Debug|x64
		{9D1F9988-B7F7-427B-BFF2-30FB908D2A7F}.Debug|x86.ActiveCfg = Debug|Win32
		{9D1F9988-B7F7-427B-BFF2-30FB908D2A7F}.Debug|x86.Build.0 = Debug|Win32
		{9D1F9988-B7F7-427B-BFF2-30FB908D2A7F}.Release|ARM64.ActiveCfg = Release|ARM64
		{9D1F9988-B7F7-427B-BFF2-30FB908D2A7F}.Release|ARM64.Build.0 = Release|ARM64
		{9D1F9988-B7F7-427B-BFF2-30FB908D2A7F}.Release|x64.ActiveCfg = Release|x64
		{9D1F9988-B7F7-427B-BFF2-30FB908D2A7F}.Release|x64.Build.0 = Release|x64
		{9D1F9988-B7F7-427B-BFF2-30FB908D2A7F}.Release|x86.ActiveCfg = Release|Win32
		{9D1F9988-B7F7-427B-BFF2-30FB908D2A7F}.Release|x86.Build.0 = Release|Win32
		{FBC74B4E-B01E-0198-34B1-47DF290BEAB5}.Debug|ARM64.ActiveCfg = Debug|Any CPU
		{FBC74B4E-B01E-0198-34B1-47DF290BEAB5}.Debug|ARM64.Build.0 = Debug|Any CPU
		{FBC74B4E-B01E-0198-34B1-47DF290BEAB5}.Debug|x64.ActiveCfg = Debug|x64
		{FBC74B4E-B01E-0198-34B1-47DF290BEAB5}.Debug|x64.Build.0 = Debug|x64
		{FBC74B4E-B01E-0198-34B1-47DF290BEAB5}.Debug|x86.ActiveCfg = Debug|Any CPU
		{FBC74B4E-B01E-0198-34B1-47DF290BEAB5}.Debug|x86.Build.0 = Debug|Any CPU
		{FBC74B4E-B01E-0198-34B1-47DF290BEAB5}.Release|ARM64.ActiveCfg = Release|Any CPU
		{FBC74B4E-B01E-0198-34B1-47DF290BEAB5}.Release|ARM64.Build.0 = Release|Any CPU
		{FBC74B4E-B01E-0198-34B1-47DF290BEAB5}.Release|x64.ActiveCfg = Release|x64
		{FBC74B4E-B01E-0198-34B1-47DF290BEAB5}.Release|x64.Build.0 = Release|x64
		{FBC74B4E-B01E-0198-34B1-47DF290BEAB5}.Release|x86.ActiveCfg = Release|Any CPU
		{FBC74B4E-B01E-0198-34B1-47DF290BEAB5}.Release|x86.Build.0 = Release|Any CPU
	EndGlobalSection
	GlobalSection(SolutionProperties) = preSolution
		HideSolutionNode = FALSE
	EndGlobalSection
	GlobalSection(NestedProjects) = preSolution
		{9D1F9988-B7F7-427B-BFF2-30FB908D2A7F} = {C8D5274F-AC00-46C7-1F8D-E88E81087A52}
		{FBC74B4E-B01E-0198-34B1-47DF290BEAB5} = {C8D5274F-AC00-46C7-1F8D-E88E81087A52}
	EndGlobalSection
	GlobalSection(ExtensibilityGlobals) = postSolution
		SolutionGuid = {ED4DF96F-D710-4CF1-ABD7-2D7129EC636A}
	EndGlobalSection
EndGlobal
